
Microsoft Visual Studio Solution File, Format Version 12.00
# Visual Studio Version 16
VisualStudioVersion = 16.0.32602.291
MinimumVisualStudioVersion = 10.0.40219.1
Project("{FAE04EC0-301F-11D3-BF4B-00C04F79EFBC}") = "VacunasAntiCovid", "VacunasAntiCovid\VacunasAntiCovid.csproj", "{2E8D233B-9648-4718-AB1F-E5EB4C51DFDE}"
EndProject
Global
	GlobalSection(SolutionConfigurationPlatforms) = preSolution
		Debug|Any CPU = Debug|Any CPU
		Release|Any CPU = Release|Any CPU
	EndGlobalSection
	GlobalSection(ProjectConfigurationPlatforms) = postSolution
		{2E8D233B-9648-4718-AB1F-E5EB4C51DFDE}.Debug|Any CPU.ActiveCfg = Debug|Any CPU
		{2E8D233B-9648-4718-AB1F-E5EB4C51DFDE}.Debug|Any CPU.Build.0 = Debug|Any CPU
		{2E8D233B-9648-4718-AB1F-E5EB4C51DFDE}.Release|Any CPU.ActiveCfg = Release|Any CPU
		{2E8D233B-9648-4718-AB1F-E5EB4C51DFDE}.Release|Any CPU.Build.0 = Release|Any CPU
	EndGlobalSection
	GlobalSection(SolutionProperties) = preSolution
		HideSolutionNode = FALSE
	EndGlobalSection
	GlobalSection(ExtensibilityGlobals) = postSolution
		SolutionGuid = {0FE57AA9-9B27-4F55-AC7E-27C62894D1A7}
	EndGlobalSection
EndGlobal
